// !$*UTF8*$!
{
	archiveVersion = 1;
	classes = {
	};
	objectVersion = 55;
	objects = {

/* Begin PBXBuildFile section */
		D064E91428759A2F00DDD4B9 /* PropertiesApp.swift in Sources */ = {isa = PBXBuildFile; fileRef = D064E91328759A2F00DDD4B9 /* PropertiesApp.swift */; };
		D064E91628759A2F00DDD4B9 /* ContentView.swift in Sources */ = {isa = PBXBuildFile; fileRef = D064E91528759A2F00DDD4B9 /* ContentView.swift */; };
		D064E91828759A3000DDD4B9 /* Assets.xcassets in Resources */ = {isa = PBXBuildFile; fileRef = D064E91728759A3000DDD4B9 /* Assets.xcassets */; };
		D064E91B28759A3000DDD4B9 /* Preview Assets.xcassets in Resources */ = {isa = PBXBuildFile; fileRef = D064E91A28759A3000DDD4B9 /* Preview Assets.xcassets */; };
		D064E92628759A3100DDD4B9 /* PropertiesTests.swift in Sources */ = {isa = PBXBuildFile; fileRef = D064E92528759A3100DDD4B9 /* PropertiesTests.swift */; };
		D064E93028759A3100DDD4B9 /* PropertiesUITests.swift in Sources */ = {isa = PBXBuildFile; fileRef = D064E92F28759A3100DDD4B9 /* PropertiesUITests.swift */; };
		D064E93228759A3100DDD4B9 /* PropertiesUITestsLaunchTests.swift in Sources */ = {isa = PBXBuildFile; fileRef = D064E93128759A3100DDD4B9 /* PropertiesUITestsLaunchTests.swift */; };
/* End PBXBuildFile section */

/* Begin PBXContainerItemProxy section */
		D064E92228759A3100DDD4B9 /* PBXContainerItemProxy */ = {
			isa = PBXContainerItemProxy;
			containerPortal = D064E90828759A2F00DDD4B9 /* Project object */;
			proxyType = 1;
			remoteGlobalIDString = D064E90F28759A2F00DDD4B9;
			remoteInfo = Properties;
		};
		D064E92C28759A3100DDD4B9 /* PBXContainerItemProxy */ = {
			isa = PBXContainerItemProxy;
			containerPortal = D064E90828759A2F00DDD4B9 /* Project object */;
			proxyType = 1;
			remoteGlobalIDString = D064E90F28759A2F00DDD4B9;
			remoteInfo = Properties;
		};
/* End PBXContainerItemProxy section */

/* Begin PBXFileReference section */
		D064E91028759A2F00DDD4B9 /* Properties.app */ = {isa = PBXFileReference; explicitFileType = wrapper.application; includeInIndex = 0; path = Properties.app; sourceTree = BUILT_PRODUCTS_DIR; };
		D064E91328759A2F00DDD4B9 /* PropertiesApp.swift */ = {isa = PBXFileReference; lastKnownFileType = sourcecode.swift; path = PropertiesApp.swift; sourceTree = "<group>"; };
		D064E91528759A2F00DDD4B9 /* ContentView.swift */ = {isa = PBXFileReference; lastKnownFileType = sourcecode.swift; path = ContentView.swift; sourceTree = "<group>"; };
		D064E91728759A3000DDD4B9 /* Assets.xcassets */ = {isa = PBXFileReference; lastKnownFileType = folder.assetcatalog; path = Assets.xcassets; sourceTree = "<group>"; };
		D064E91A28759A3000DDD4B9 /* Preview Assets.xcassets */ = {isa = PBXFileReference; lastKnownFileType = folder.assetcatalog; path = "Preview Assets.xcassets"; sourceTree = "<group>"; };
		D064E91C28759A3000DDD4B9 /* Properties.entitlements */ = {isa = PBXFileReference; lastKnownFileType = text.plist.entitlements; path = Properties.entitlements; sourceTree = "<group>"; };
		D064E92128759A3100DDD4B9 /* PropertiesTests.xctest */ = {isa = PBXFileReference; explicitFileType = wrapper.cfbundle; includeInIndex = 0; path = PropertiesTests.xctest; sourceTree = BUILT_PRODUCTS_DIR; };
		D064E92528759A3100DDD4B9 /* PropertiesTests.swift */ = {isa = PBXFileReference; lastKnownFileType = sourcecode.swift; path = PropertiesTests.swift; sourceTree = "<group>"; };
		D064E92B28759A3100DDD4B9 /* PropertiesUITests.xctest */ = {isa = PBXFileReference; explicitFileType = wrapper.cfbundle; includeInIndex = 0; path = PropertiesUITests.xctest; sourceTree = BUILT_PRODUCTS_DIR; };
		D064E92F28759A3100DDD4B9 /* PropertiesUITests.swift */ = {isa = PBXFileReference; lastKnownFileType = sourcecode.swift; path = PropertiesUITests.swift; sourceTree = "<group>"; };
		D064E93128759A3100DDD4B9 /* PropertiesUITestsLaunchTests.swift */ = {isa = PBXFileReference; lastKnownFileType = sourcecode.swift; path = PropertiesUITestsLaunchTests.swift; sourceTree = "<group>"; };
/* End PBXFileReference section */

/* Begin PBXFrameworksBuildPhase section */
		D064E90D28759A2F00DDD4B9 /* Frameworks */ = {
			isa = PBXFrameworksBuildPhase;
			buildActionMask = 2147483647;
			files = (
			);
			runOnlyForDeploymentPostprocessing = 0;
		};
		D064E91E28759A3100DDD4B9 /* Frameworks */ = {
			isa = PBXFrameworksBuildPhase;
			buildActionMask = 2147483647;
			files = (
			);
			runOnlyForDeploymentPostprocessing = 0;
		};
		D064E92828759A3100DDD4B9 /* Frameworks */ = {
			isa = PBXFrameworksBuildPhase;
			buildActionMask = 2147483647;
			files = (
			);
			runOnlyForDeploymentPostprocessing = 0;
		};
/* End PBXFrameworksBuildPhase section */

/* Begin PBXGroup section */
		D064E90728759A2F00DDD4B9 = {
			isa = PBXGroup;
			children = (
				D064E91228759A2F00DDD4B9 /* Properties */,
				D064E92428759A3100DDD4B9 /* PropertiesTests */,
				D064E92E28759A3100DDD4B9 /* PropertiesUITests */,
				D064E91128759A2F00DDD4B9 /* Products */,
			);
			sourceTree = "<group>";
		};
		D064E91128759A2F00DDD4B9 /* Products */ = {
			isa = PBXGroup;
			children = (
				D064E91028759A2F00DDD4B9 /* Properties.app */,
				D064E92128759A3100DDD4B9 /* PropertiesTests.xctest */,
				D064E92B28759A3100DDD4B9 /* PropertiesUITests.xctest */,
			);
			name = Products;
			sourceTree = "<group>";
		};
		D064E91228759A2F00DDD4B9 /* Properties */ = {
			isa = PBXGroup;
			children = (
				D064E91328759A2F00DDD4B9 /* PropertiesApp.swift */,
				D064E91528759A2F00DDD4B9 /* ContentView.swift */,
				D064E91728759A3000DDD4B9 /* Assets.xcassets */,
				D064E91C28759A3000DDD4B9 /* Properties.entitlements */,
				D064E91928759A3000DDD4B9 /* Preview Content */,
			);
			path = Properties;
			sourceTree = "<group>";
		};
		D064E91928759A3000DDD4B9 /* Preview Content */ = {
			isa = PBXGroup;
			children = (
				D064E91A28759A3000DDD4B9 /* Preview Assets.xcassets */,
			);
			path = "Preview Content";
			sourceTree = "<group>";
		};
		D064E92428759A3100DDD4B9 /* PropertiesTests */ = {
			isa = PBXGroup;
			children = (
				D064E92528759A3100DDD4B9 /* PropertiesTests.swift */,
			);
			path = PropertiesTests;
			sourceTree = "<group>";
		};
		D064E92E28759A3100DDD4B9 /* PropertiesUITests */ = {
			isa = PBXGroup;
			children = (
				D064E92F28759A3100DDD4B9 /* PropertiesUITests.swift */,
				D064E93128759A3100DDD4B9 /* PropertiesUITestsLaunchTests.swift */,
			);
			path = PropertiesUITests;
			sourceTree = "<group>";
		};
/* End PBXGroup section */

/* Begin PBXNativeTarget section */
		D064E90F28759A2F00DDD4B9 /* Properties */ = {
			isa = PBXNativeTarget;
			buildConfigurationList = D064E93528759A3100DDD4B9 /* Build configuration list for PBXNativeTarget "Properties" */;
			buildPhases = (
				D064E90C28759A2F00DDD4B9 /* Sources */,
				D064E90D28759A2F00DDD4B9 /* Frameworks */,
				D064E90E28759A2F00DDD4B9 /* Resources */,
			);
			buildRules = (
			);
			dependencies = (
			);
			name = Properties;
			productName = Properties;
			productReference = D064E91028759A2F00DDD4B9 /* Properties.app */;
			productType = "com.apple.product-type.application";
		};
		D064E92028759A3100DDD4B9 /* PropertiesTests */ = {
			isa = PBXNativeTarget;
			buildConfigurationList = D064E93828759A3100DDD4B9 /* Build configuration list for PBXNativeTarget "PropertiesTests" */;
			buildPhases = (
				D064E91D28759A3100DDD4B9 /* Sources */,
				D064E91E28759A3100DDD4B9 /* Frameworks */,
				D064E91F28759A3100DDD4B9 /* Resources */,
			);
			buildRules = (
			);
			dependencies = (
				D064E92328759A3100DDD4B9 /* PBXTargetDependency */,
			);
			name = PropertiesTests;
			productName = PropertiesTests;
			productReference = D064E92128759A3100DDD4B9 /* PropertiesTests.xctest */;
			productType = "com.apple.product-type.bundle.unit-test";
		};
		D064E92A28759A3100DDD4B9 /* PropertiesUITests */ = {
			isa = PBXNativeTarget;
			buildConfigurationList = D064E93B28759A3100DDD4B9 /* Build configuration list for PBXNativeTarget "PropertiesUITests" */;
			buildPhases = (
				D064E92728759A3100DDD4B9 /* Sources */,
				D064E92828759A3100DDD4B9 /* Frameworks */,
				D064E92928759A3100DDD4B9 /* Resources */,
			);
			buildRules = (
			);
			dependencies = (
				D064E92D28759A3100DDD4B9 /* PBXTargetDependency */,
			);
			name = PropertiesUITests;
			productName = PropertiesUITests;
			productReference = D064E92B28759A3100DDD4B9 /* PropertiesUITests.xctest */;
			productType = "com.apple.product-type.bundle.ui-testing";
		};
/* End PBXNativeTarget section */

/* Begin PBXProject section */
		D064E90828759A2F00DDD4B9 /* Project object */ = {
			isa = PBXProject;
			attributes = {
				BuildIndependentTargetsInParallel = 1;
				LastSwiftUpdateCheck = 1340;
				LastUpgradeCheck = 1340;
				TargetAttributes = {
					D064E90F28759A2F00DDD4B9 = {
						CreatedOnToolsVersion = 13.4.1;
					};
					D064E92028759A3100DDD4B9 = {
						CreatedOnToolsVersion = 13.4.1;
						TestTargetID = D064E90F28759A2F00DDD4B9;
					};
					D064E92A28759A3100DDD4B9 = {
						CreatedOnToolsVersion = 13.4.1;
						TestTargetID = D064E90F28759A2F00DDD4B9;
					};
				};
			};
			buildConfigurationList = D064E90B28759A2F00DDD4B9 /* Build configuration list for PBXProject "Properties" */;
			compatibilityVersion = "Xcode 13.0";
			developmentRegion = en;
			hasScannedForEncodings = 0;
			knownRegions = (
				en,
				Base,
			);
			mainGroup = D064E90728759A2F00DDD4B9;
			productRefGroup = D064E91128759A2F00DDD4B9 /* Products */;
			projectDirPath = "";
			projectRoot = "";
			targets = (
				D064E90F28759A2F00DDD4B9 /* Properties */,
				D064E92028759A3100DDD4B9 /* PropertiesTests */,
				D064E92A28759A3100DDD4B9 /* PropertiesUITests */,
			);
		};
/* End PBXProject section */

/* Begin PBXResourcesBuildPhase section */
		D064E90E28759A2F00DDD4B9 /* Resources */ = {
			isa = PBXResourcesBuildPhase;
			buildActionMask = 2147483647;
			files = (
				D064E91B28759A3000DDD4B9 /* Preview Assets.xcassets in Resources */,
				D064E91828759A3000DDD4B9 /* Assets.xcassets in Resources */,
			);
			runOnlyForDeploymentPostprocessing = 0;
		};
		D064E91F28759A3100DDD4B9 /* Resources */ = {
			isa = PBXResourcesBuildPhase;
			buildActionMask = 2147483647;
			files = (
			);
			runOnlyForDeploymentPostprocessing = 0;
		};
		D064E92928759A3100DDD4B9 /* Resources */ = {
			isa = PBXResourcesBuildPhase;
			buildActionMask = 2147483647;
			files = (
			);
			runOnlyForDeploymentPostprocessing = 0;
		};
/* End PBXResourcesBuildPhase section */

/* Begin PBXSourcesBuildPhase section */
		D064E90C28759A2F00DDD4B9 /* Sources */ = {
			isa = PBXSourcesBuildPhase;
			buildActionMask = 2147483647;
			files = (
				D064E91628759A2F00DDD4B9 /* ContentView.swift in Sources */,
				D064E91428759A2F00DDD4B9 /* PropertiesApp.swift in Sources */,
			);
			runOnlyForDeploymentPostprocessing = 0;
		};
		D064E91D28759A3100DDD4B9 /* Sources */ = {
			isa = PBXSourcesBuildPhase;
			buildActionMask = 2147483647;
			files = (
				D064E92628759A3100DDD4B9 /* PropertiesTests.swift in Sources */,
			);
			runOnlyForDeploymentPostprocessing = 0;
		};
		D064E92728759A3100DDD4B9 /* Sources */ = {
			isa = PBXSourcesBuildPhase;
			buildActionMask = 2147483647;
			files = (
				D064E93028759A3100DDD4B9 /* PropertiesUITests.swift in Sources */,
				D064E93228759A3100DDD4B9 /* PropertiesUITestsLaunchTests.swift in Sources */,
			);
			runOnlyForDeploymentPostprocessing = 0;
		};
/* End PBXSourcesBuildPhase section */

/* Begin PBXTargetDependency section */
		D064E92328759A3100DDD4B9 /* PBXTargetDependency */ = {
			isa = PBXTargetDependency;
			target = D064E90F28759A2F00DDD4B9 /* Properties */;
			targetProxy = D064E92228759A3100DDD4B9 /* PBXContainerItemProxy */;
		};
		D064E92D28759A3100DDD4B9 /* PBXTargetDependency */ = {
			isa = PBXTargetDependency;
			target = D064E90F28759A2F00DDD4B9 /* Properties */;
			targetProxy = D064E92C28759A3100DDD4B9 /* PBXContainerItemProxy */;
		};
/* End PBXTargetDependency section */

/* Begin XCBuildConfiguration section */
		D064E93328759A3100DDD4B9 /* Debug */ = {
			isa = XCBuildConfiguration;
			buildSettings = {
				ALWAYS_SEARCH_USER_PATHS = NO;
				CLANG_ANALYZER_NONNULL = YES;
				CLANG_ANALYZER_NUMBER_OBJECT_CONVERSION = YES_AGGRESSIVE;
				CLANG_CXX_LANGUAGE_STANDARD = "gnu++17";
				CLANG_ENABLE_MODULES = YES;
				CLANG_ENABLE_OBJC_ARC = YES;
				CLANG_ENABLE_OBJC_WEAK = YES;
				CLANG_WARN_BLOCK_CAPTURE_AUTORELEASING = YES;
				CLANG_WARN_BOOL_CONVERSION = YES;
				CLANG_WARN_COMMA = YES;
				CLANG_WARN_CONSTANT_CONVERSION = YES;
				CLANG_WARN_DEPRECATED_OBJC_IMPLEMENTATIONS = YES;
				CLANG_WARN_DIRECT_OBJC_ISA_USAGE = YES_ERROR;
				CLANG_WARN_DOCUMENTATION_COMMENTS = YES;
				CLANG_WARN_EMPTY_BODY = YES;
				CLANG_WARN_ENUM_CONVERSION = YES;
				CLANG_WARN_INFINITE_RECURSION = YES;
				CLANG_WARN_INT_CONVERSION = YES;
				CLANG_WARN_NON_LITERAL_NULL_CONVERSION = YES;
				CLANG_WARN_OBJC_IMPLICIT_RETAIN_SELF = YES;
				CLANG_WARN_OBJC_LITERAL_CONVERSION = YES;
				CLANG_WARN_OBJC_ROOT_CLASS = YES_ERROR;
				CLANG_WARN_QUOTED_INCLUDE_IN_FRAMEWORK_HEADER = YES;
				CLANG_WARN_RANGE_LOOP_ANALYSIS = YES;
				CLANG_WARN_STRICT_PROTOTYPES = YES;
				CLANG_WARN_SUSPICIOUS_MOVE = YES;
				CLANG_WARN_UNGUARDED_AVAILABILITY = YES_AGGRESSIVE;
				CLANG_WARN_UNREACHABLE_CODE = YES;
				CLANG_WARN__DUPLICATE_METHOD_MATCH = YES;
				COPY_PHASE_STRIP = NO;
				DEBUG_INFORMATION_FORMAT = dwarf;
				ENABLE_STRICT_OBJC_MSGSEND = YES;
				ENABLE_TESTABILITY = YES;
				GCC_C_LANGUAGE_STANDARD = gnu11;
				GCC_DYNAMIC_NO_PIC = NO;
				GCC_NO_COMMON_BLOCKS = YES;
				GCC_OPTIMIZATION_LEVEL = 0;
				GCC_PREPROCESSOR_DEFINITIONS = (
					"DEBUG=1",
					"$(inherited)",
				);
				GCC_WARN_64_TO_32_BIT_CONVERSION = YES;
				GCC_WARN_ABOUT_RETURN_TYPE = YES_ERROR;
				GCC_WARN_UNDECLARED_SELECTOR = YES;
				GCC_WARN_UNINITIALIZED_AUTOS = YES_AGGRESSIVE;
				GCC_WARN_UNUSED_FUNCTION = YES;
				GCC_WARN_UNUSED_VARIABLE = YES;
				MACOSX_DEPLOYMENT_TARGET = 12.3;
				MTL_ENABLE_DEBUG_INFO = INCLUDE_SOURCE;
				MTL_FAST_MATH = YES;
				ONLY_ACTIVE_ARCH = YES;
				SDKROOT = macosx;
				SWIFT_ACTIVE_COMPILATION_CONDITIONS = DEBUG;
				SWIFT_OPTIMIZATION_LEVEL = "-Onone";
			};
			name = Debug;
		};
		D064E93428759A3100DDD4B9 /* Release */ = {
			isa = XCBuildConfiguration;
			buildSettings = {
				ALWAYS_SEARCH_USER_PATHS = NO;
				CLANG_ANALYZER_NONNULL = YES;
				CLANG_ANALYZER_NUMBER_OBJECT_CONVERSION = YES_AGGRESSIVE;
				CLANG_CXX_LANGUAGE_STANDARD = "gnu++17";
				CLANG_ENABLE_MODULES = YES;
				CLANG_ENABLE_OBJC_ARC = YES;
				CLANG_ENABLE_OBJC_WEAK = YES;
				CLANG_WARN_BLOCK_CAPTURE_AUTORELEASING = YES;
				CLANG_WARN_BOOL_CONVERSION = YES;
				CLANG_WARN_COMMA = YES;
				CLANG_WARN_CONSTANT_CONVERSION = YES;
				CLANG_WARN_DEPRECATED_OBJC_IMPLEMENTATIONS = YES;
				CLANG_WARN_DIRECT_OBJC_ISA_USAGE = YES_ERROR;
				CLANG_WARN_DOCUMENTATION_COMMENTS = YES;
				CLANG_WARN_EMPTY_BODY = YES;
				CLANG_WARN_ENUM_CONVERSION = YES;
				CLANG_WARN_INFINITE_RECURSION = YES;
				CLANG_WARN_INT_CONVERSION = YES;
				CLANG_WARN_NON_LITERAL_NULL_CONVERSION = YES;
				CLANG_WARN_OBJC_IMPLICIT_RETAIN_SELF = YES;
				CLANG_WARN_OBJC_LITERAL_CONVERSION = YES;
				CLANG_WARN_OBJC_ROOT_CLASS = YES_ERROR;
				CLANG_WARN_QUOTED_INCLUDE_IN_FRAMEWORK_HEADER = YES;
				CLANG_WARN_RANGE_LOOP_ANALYSIS = YES;
				CLANG_WARN_STRICT_PROTOTYPES = YES;
				CLANG_WARN_SUSPICIOUS_MOVE = YES;
				CLANG_WARN_UNGUARDED_AVAILABILITY = YES_AGGRESSIVE;
				CLANG_WARN_UNREACHABLE_CODE = YES;
				CLANG_WARN__DUPLICATE_METHOD_MATCH = YES;
				COPY_PHASE_STRIP = NO;
				DEBUG_INFORMATION_FORMAT = "dwarf-with-dsym";
				ENABLE_NS_ASSERTIONS = NO;
				ENABLE_STRICT_OBJC_MSGSEND = YES;
				GCC_C_LANGUAGE_STANDARD = gnu11;
				GCC_NO_COMMON_BLOCKS = YES;
				GCC_WARN_64_TO_32_BIT_CONVERSION = YES;
				GCC_WARN_ABOUT_RETURN_TYPE = YES_ERROR;
				GCC_WARN_UNDECLARED_SELECTOR = YES;
				GCC_WARN_UNINITIALIZED_AUTOS = YES_AGGRESSIVE;
				GCC_WARN_UNUSED_FUNCTION = YES;
				GCC_WARN_UNUSED_VARIABLE = YES;
				MACOSX_DEPLOYMENT_TARGET = 12.3;
				MTL_ENABLE_DEBUG_INFO = NO;
				MTL_FAST_MATH = YES;
				SDKROOT = macosx;
				SWIFT_COMPILATION_MODE = wholemodule;
				SWIFT_OPTIMIZATION_LEVEL = "-O";
			};
			name = Release;
		};
		D064E93628759A3100DDD4B9 /* Debug */ = {
			isa = XCBuildConfiguration;
			buildSettings = {
				ASSETCATALOG_COMPILER_APPICON_NAME = AppIcon;
				ASSETCATALOG_COMPILER_GLOBAL_ACCENT_COLOR_NAME = AccentColor;
				CODE_SIGN_ENTITLEMENTS = Properties/Properties.entitlements;
				CODE_SIGN_STYLE = Automatic;
				COMBINE_HIDPI_IMAGES = YES;
				CURRENT_PROJECT_VERSION = 1;
				DEVELOPMENT_ASSET_PATHS = "\"Properties/Preview Content\"";
				ENABLE_PREVIEWS = YES;
				GENERATE_INFOPLIST_FILE = YES;
				INFOPLIST_KEY_NSHumanReadableCopyright = "";
				LD_RUNPATH_SEARCH_PATHS = (
					"$(inherited)",
					"@executable_path/../Frameworks",
				);
				MARKETING_VERSION = 1.0;
				PRODUCT_BUNDLE_IDENTIFIER = int.Properties;
				PRODUCT_NAME = "$(TARGET_NAME)";
				SWIFT_EMIT_LOC_STRINGS = YES;
				SWIFT_VERSION = 5.0;
			};
			name = Debug;
		};
		D064E93728759A3100DDD4B9 /* Release */ = {
			isa = XCBuildConfiguration;
			buildSettings = {
				ASSETCATALOG_COMPILER_APPICON_NAME = AppIcon;
				ASSETCATALOG_COMPILER_GLOBAL_ACCENT_COLOR_NAME = AccentColor;
				CODE_SIGN_ENTITLEMENTS = Properties/Properties.entitlements;
				CODE_SIGN_STYLE = Automatic;
				COMBINE_HIDPI_IMAGES = YES;
				CURRENT_PROJECT_VERSION = 1;
				DEVELOPMENT_ASSET_PATHS = "\"Properties/Preview Content\"";
				ENABLE_PREVIEWS = YES;
				GENERATE_INFOPLIST_FILE = YES;
				INFOPLIST_KEY_NSHumanReadableCopyright = "";
				LD_RUNPATH_SEARCH_PATHS = (
					"$(inherited)",
					"@executable_path/../Frameworks",
				);
				MARKETING_VERSION = 1.0;
				PRODUCT_BUNDLE_IDENTIFIER = int.Properties;
				PRODUCT_NAME = "$(TARGET_NAME)";
				SWIFT_EMIT_LOC_STRINGS = YES;
				SWIFT_VERSION = 5.0;
			};
			name = Release;
		};
		D064E93928759A3100DDD4B9 /* Debug */ = {
			isa = XCBuildConfiguration;
			buildSettings = {
				ALWAYS_EMBED_SWIFT_STANDARD_LIBRARIES = YES;
				BUNDLE_LOADER = "$(TEST_HOST)";
				CODE_SIGN_STYLE = Automatic;
				CURRENT_PROJECT_VERSION = 1;
				GENERATE_INFOPLIST_FILE = YES;
				MACOSX_DEPLOYMENT_TARGET = 12.3;
				MARKETING_VERSION = 1.0;
				PRODUCT_BUNDLE_IDENTIFIER = int.PropertiesTests;
				PRODUCT_NAME = "$(TARGET_NAME)";
				SWIFT_EMIT_LOC_STRINGS = NO;
				SWIFT_VERSION = 5.0;
				TEST_HOST = "$(BUILT_PRODUCTS_DIR)/Properties.app/Contents/MacOS/Properties";
			};
			name = Debug;
		};
		D064E93A28759A3100DDD4B9 /* Release */ = {
			isa = XCBuildConfiguration;
			buildSettings = {
				ALWAYS_EMBED_SWIFT_STANDARD_LIBRARIES = YES;
				BUNDLE_LOADER = "$(TEST_HOST)";
				CODE_SIGN_STYLE = Automatic;
				CURRENT_PROJECT_VERSION = 1;
				GENERATE_INFOPLIST_FILE = YES;
				MACOSX_DEPLOYMENT_TARGET = 12.3;
				MARKETING_VERSION = 1.0;
				PRODUCT_BUNDLE_IDENTIFIER = int.PropertiesTests;
				PRODUCT_NAME = "$(TARGET_NAME)";
				SWIFT_EMIT_LOC_STRINGS = NO;
				SWIFT_VERSION = 5.0;
				TEST_HOST = "$(BUILT_PRODUCTS_DIR)/Properties.app/Contents/MacOS/Properties";
			};
			name = Release;
		};
		D064E93C28759A3100DDD4B9 /* Debug */ = {
			isa = XCBuildConfiguration;
			buildSettings = {
				ALWAYS_EMBED_SWIFT_STANDARD_LIBRARIES = YES;
				CODE_SIGN_STYLE = Automatic;
				CURRENT_PROJECT_VERSION = 1;
				GENERATE_INFOPLIST_FILE = YES;
				MARKETING_VERSION = 1.0;
				PRODUCT_BUNDLE_IDENTIFIER = int.PropertiesUITests;
				PRODUCT_NAME = "$(TARGET_NAME)";
				SWIFT_EMIT_LOC_STRINGS = NO;
				SWIFT_VERSION = 5.0;
				TEST_TARGET_NAME = Properties;
			};
			name = Debug;
		};
		D064E93D28759A3100DDD4B9 /* Release */ = {
			isa = XCBuildConfiguration;
			buildSettings = {
				ALWAYS_EMBED_SWIFT_STANDARD_LIBRARIES = YES;
				CODE_SIGN_STYLE = Automatic;
				CURRENT_PROJECT_VERSION = 1;
				GENERATE_INFOPLIST_FILE = YES;
				MARKETING_VERSION = 1.0;
				PRODUCT_BUNDLE_IDENTIFIER = int.PropertiesUITests;
				PRODUCT_NAME = "$(TARGET_NAME)";
				SWIFT_EMIT_LOC_STRINGS = NO;
				SWIFT_VERSION = 5.0;
				TEST_TARGET_NAME = Properties;
			};
			name = Release;
		};
/* End XCBuildConfiguration section */

/* Begin XCConfigurationList section */
		D064E90B28759A2F00DDD4B9 /* Build configuration list for PBXProject "Properties" */ = {
			isa = XCConfigurationList;
			buildConfigurations = (
				D064E93328759A3100DDD4B9 /* Debug */,
				D064E93428759A3100DDD4B9 /* Release */,
			);
			defaultConfigurationIsVisible = 0;
			defaultConfigurationName = Release;
		};
		D064E93528759A3100DDD4B9 /* Build configuration list for PBXNativeTarget "Properties" */ = {
			isa = XCConfigurationList;
			buildConfigurations = (
				D064E93628759A3100DDD4B9 /* Debug */,
				D064E93728759A3100DDD4B9 /* Release */,
			);
			defaultConfigurationIsVisible = 0;
			defaultConfigurationName = Release;
		};
		D064E93828759A3100DDD4B9 /* Build configuration list for PBXNativeTarget "PropertiesTests" */ = {
			isa = XCConfigurationList;
			buildConfigurations = (
				D064E93928759A3100DDD4B9 /* Debug */,
				D064E93A28759A3100DDD4B9 /* Release */,
			);
			defaultConfigurationIsVisible = 0;
			defaultConfigurationName = Release;
		};
		D064E93B28759A3100DDD4B9 /* Build configuration list for PBXNativeTarget "PropertiesUITests" */ = {
			isa = XCConfigurationList;
			buildConfigurations = (
				D064E93C28759A3100DDD4B9 /* Debug */,
				D064E93D28759A3100DDD4B9 /* Release */,
			);
			defaultConfigurationIsVisible = 0;
			defaultConfigurationName = Release;
		};
/* End XCConfigurationList section */
	};
	rootObject = D064E90828759A2F00DDD4B9 /* Project object */;
}
